
Microsoft Visual Studio Solution File, Format Version 12.00
# Visual Studio Version 17
VisualStudioVersion = 17.9.34616.47
MinimumVisualStudioVersion = 10.0.40219.1
Project("{9A19103F-16F7-4668-BE54-9A1E7A4F7556}") = "HaberPortali", "HaberPortali\HaberPortali.csproj", "{BC917719-2F94-41CC-A95A-E4E65D6A37AD}"
EndProject
Project("{FAE04EC0-301F-11D3-BF4B-00C04F79EFBC}") = "HaberPortaliFrontend", "HaberPortaliFrontend\HaberPortaliFrontend.csproj", "{798DAD03-E18C-4BB8-A517-F49E9476EE1A}"
EndProject
Global
	GlobalSection(SolutionConfigurationPlatforms) = preSolution
		Debug|Any CPU = Debug|Any CPU
		Release|Any CPU = Release|Any CPU
	EndGlobalSection
	GlobalSection(ProjectConfigurationPlatforms) = postSolution
		{BC917719-2F94-41CC-A95A-E4E65D6A37AD}.Debug|Any CPU.ActiveCfg = Debug|Any CPU
		{BC917719-2F94-41CC-A95A-E4E65D6A37AD}.Debug|Any CPU.Build.0 = Debug|Any CPU
		{BC917719-2F94-41CC-A95A-E4E65D6A37AD}.Release|Any CPU.ActiveCfg = Release|Any CPU
		{BC917719-2F94-41CC-A95A-E4E65D6A37AD}.Release|Any CPU.Build.0 = Release|Any CPU
		{798DAD03-E18C-4BB8-A517-F49E9476EE1A}.Debug|Any CPU.ActiveCfg = Debug|Any CPU
		{798DAD03-E18C-4BB8-A517-F49E9476EE1A}.Debug|Any CPU.Build.0 = Debug|Any CPU
		{798DAD03-E18C-4BB8-A517-F49E9476EE1A}.Release|Any CPU.ActiveCfg = Release|Any CPU
		{798DAD03-E18C-4BB8-A517-F49E9476EE1A}.Release|Any CPU.Build.0 = Release|Any CPU
	EndGlobalSection
	GlobalSection(SolutionProperties) = preSolution
		HideSolutionNode = FALSE
	EndGlobalSection
	GlobalSection(ExtensibilityGlobals) = postSolution
		SolutionGuid = {5C39700C-7811-4638-BE7C-F7B148E64E15}
	EndGlobalSection
EndGlobal
